
Microsoft Visual Studio Solution File, Format Version 12.00
# Visual Studio Version 17
VisualStudioVersion = 17.8.34330.188
MinimumVisualStudioVersion = 10.0.40219.1
Project("{8BC9CEB8-8B4A-11D0-8D11-00A0C91BC942}") = "two-dimensional array and filling", "two-dimensional array and filling\two-dimensional array and filling.vcxproj", "{0E1E1630-19E5-4900-B990-E10AD36547A6}"
EndProject
Global
	GlobalSection(SolutionConfigurationPlatforms) = preSolution
		Debug|x64 = Debug|x64
		Debug|x86 = Debug|x86
		Release|x64 = Release|x64
		Release|x86 = Release|x86
	EndGlobalSection
	GlobalSection(ProjectConfigurationPlatforms) = postSolution
		{0E1E1630-19E5-4900-B990-E10AD36547A6}.Debug|x64.ActiveCfg = Debug|x64
		{0E1E1630-19E5-4900-B990-E10AD36547A6}.Debug|x64.Build.0 = Debug|x64
		{0E1E1630-19E5-4900-B990-E10AD36547A6}.Debug|x86.ActiveCfg = Debug|Win32
		{0E1E1630-19E5-4900-B990-E10AD36547A6}.Debug|x86.Build.0 = Debug|Win32
		{0E1E1630-19E5-4900-B990-E10AD36547A6}.Release|x64.ActiveCfg = Release|x64
		{0E1E1630-19E5-4900-B990-E10AD36547A6}.Release|x64.Build.0 = Release|x64
		{0E1E1630-19E5-4900-B990-E10AD36547A6}.Release|x86.ActiveCfg = Release|Win32
		{0E1E1630-19E5-4900-B990-E10AD36547A6}.Release|x86.Build.0 = Release|Win32
	EndGlobalSection
	GlobalSection(SolutionProperties) = preSolution
		HideSolutionNode = FALSE
	EndGlobalSection
	GlobalSection(ExtensibilityGlobals) = postSolution
		SolutionGuid = {8EDDF5AD-E7C4-400D-A91D-AE7155FB7143}
	EndGlobalSection
EndGlobal
